{
    "_readme": [
        "This file locks the dependencies of your project to a known state",
        "Read more about it at https://getcomposer.org/doc/01-basic-usage.md#composer-lock-the-lock-file",
        "This file is @generated automatically"
    ],
    "content-hash": "489066c7efa502aba22d53ca08a0f97a",
    "packages": [],
    "packages-dev": [
        {
            "name": "mindplay/testies",
            "version": "0.3.0",
            "source": {
                "type": "git",
                "url": "https://github.com/mindplay-dk/testies.git",
                "reference": "272516fe2232929032e09002f380437a23aa3feb"
            },
            "dist": {
                "type": "zip",
                "url": "https://api.github.com/repos/mindplay-dk/testies/zipball/272516fe2232929032e09002f380437a23aa3feb",
                "reference": "272516fe2232929032e09002f380437a23aa3feb",
                "shasum": ""
            },
            "require-dev": {
                "guzzlehttp/guzzle": "5.*",
                "phpunit/php-code-coverage": "^3.0"
            },
            "suggest": {
                "phpunit/php-code-coverage": "^3.0"
            },
            "type": "library",
            "autoload": {
                "files": [
                    "header.php"
                ],
                "psr-4": {
                    "mindplay\\testies\\": "src/"
                }
            },
            "notification-url": "https://packagist.org/downloads/",
            "license": [
                "LGPL3.0+"
            ],
            "authors": [
                {
                    "name": "Rasmus Schultz",
                    "email": "rasc@fynskemedier.dk"
                }
            ],
            "description": "Yeah, testies: a lightweight library for quick, simple unit-testing",
            "time": "2016-05-09T09:41:04+00:00"
        }
    ],
    "aliases": [],
    "minimum-stability": "stable",
    "stability-flags": [],
    "prefer-stable": false,
    "prefer-lowest": false,
    "platform": {
        "php": "^7.0"
    },
    "platform-dev": []
}
